<?xml version="1.0" encoding="utf-8"?>
<Project ToolsVersion="4.0" xmlns="http://schemas.microsoft.com/developer/msbuild/2003">
  <ItemGroup>
    <Filter Include="Quelldateien">
      <UniqueIdentifier>{4FC737F1-C7A5-4376-A066-2A32D752A2FF}</UniqueIdentifier>
      <Extensions>cpp;c;cc;cxx;c++;cppm;ixx;def;odl;idl;hpj;bat;asm;asmx</Extensions>
    </Filter>
    <Filter Include="core">
      <UniqueIdentifier>{f573f9d3-7173-4e2c-9305-e249a7514780}</UniqueIdentifier>
    </Filter>
    <Filter Include="models">
      <UniqueIdentifier>{4c848abd-8ac9-4711-8bd0-c6b9ac2e4e88}</UniqueIdentifier>
    </Filter>
    <Filter Include="camera">
      <UniqueIdentifier>{6ce3bb31-599d-4297-b26d-ebf44f4ba1ed}</UniqueIdentifier>
    </Filter>
    <Filter Include="shader">
      <UniqueIdentifier>{a780247e-96fb-4fbb-9a83-5d89e87def9b}</UniqueIdentifier>
    </Filter>
    <Filter Include="utils">
      <UniqueIdentifier>{fad59931-38a0-4609-b348-b75f6acdbdc5}</UniqueIdentifier>
    </Filter>
    <Filter Include="utils\imgui">
      <UniqueIdentifier>{462ad4e3-743e-4d26-ac05-6a1b4454b6bd}</UniqueIdentifier>
    </Filter>
    <Filter Include="shader\standard">
      <UniqueIdentifier>{f79b3f9c-fb29-4dd1-9f67-4b1bd434c9cf}</UniqueIdentifier>
    </Filter>
    <Filter Include="shader\water">
      <UniqueIdentifier>{5b28300b-74ee-4206-9ef8-65a7bdb1ff36}</UniqueIdentifier>
    </Filter>
    <Filter Include="shader\test">
      <UniqueIdentifier>{467ed2c0-b2cd-42d6-a7d1-c487bff55f24}</UniqueIdentifier>
    </Filter>
    <Filter Include="shader\postprocessing">
      <UniqueIdentifier>{8ae6c671-b708-4904-a32b-1a91f1afd269}</UniqueIdentifier>
    </Filter>
    <Filter Include="shader\skybox">
      <UniqueIdentifier>{95eb5649-e470-40e3-9198-11dfa15ceff5}</UniqueIdentifier>
    </Filter>
    <Filter Include="shader\debug">
      <UniqueIdentifier>{8fd10401-0647-48b6-abe7-c51908e67a44}</UniqueIdentifier>
    </Filter>
    <Filter Include="shader\debug\showVertices">
      <UniqueIdentifier>{51c2e237-9fb3-410b-a528-c93ee4472872}</UniqueIdentifier>
    </Filter>
    <Filter Include="shader\debug\showNormals">
      <UniqueIdentifier>{9642eac0-49b8-49bd-915c-8b3c12c4f7a5}</UniqueIdentifier>
    </Filter>
    <Filter Include="shader\debug\showNormals\waterNormals">
      <UniqueIdentifier>{6a842861-d85f-433b-a032-693456e69c86}</UniqueIdentifier>
    </Filter>
    <Filter Include="utils\general">
      <UniqueIdentifier>{0b378f83-06ba-4018-b770-bb6e34d1ba7d}</UniqueIdentifier>
    </Filter>
    <Filter Include="utils\rendering">
      <UniqueIdentifier>{81ea7d52-dd88-49fe-9903-ceb74501c5d2}</UniqueIdentifier>
    </Filter>
    <Filter Include="utils\rendering\textures">
      <UniqueIdentifier>{72e3a5fb-ec34-4d1c-aa47-83a90e6f6b94}</UniqueIdentifier>
    </Filter>
    <Filter Include="utils\game">
      <UniqueIdentifier>{a80b995d-772b-466b-a58f-855200064603}</UniqueIdentifier>
    </Filter>
    <Filter Include="shader\debug\showColliders">
      <UniqueIdentifier>{f39b3ace-68d2-43b5-b8f7-10549c959f24}</UniqueIdentifier>
    </Filter>
  </ItemGroup>
  <ItemGroup>
    <ClCompile Include="utils\renderer.cpp">
      <Filter>core</Filter>
    </ClCompile>
    <ClCompile Include="core\application.cpp">
      <Filter>core</Filter>
    </ClCompile>
    <ClCompile Include="utils\camera.cpp">
      <Filter>camera</Filter>
    </ClCompile>
    <ClCompile Include="utils\camera_freefloat.cpp">
      <Filter>camera</Filter>
    </ClCompile>
    <ClCompile Include="utils\camera_isometric.cpp">
      <Filter>camera</Filter>
    </ClCompile>
    <ClCompile Include="main.cpp">
      <Filter>Quelldateien</Filter>
    </ClCompile>
    <ClCompile Include="gl.c">
      <Filter>Quelldateien</Filter>
    </ClCompile>
    <ClCompile Include="utils\imgui\imgui.cpp">
      <Filter>utils\imgui</Filter>
    </ClCompile>
    <ClCompile Include="utils\imgui\imgui_demo.cpp">
      <Filter>utils\imgui</Filter>
    </ClCompile>
    <ClCompile Include="utils\imgui\imgui_draw.cpp">
      <Filter>utils\imgui</Filter>
    </ClCompile>
    <ClCompile Include="utils\imgui\imgui_impl_glfw.cpp">
      <Filter>utils\imgui</Filter>
    </ClCompile>
    <ClCompile Include="utils\imgui\imgui_impl_opengl3.cpp">
      <Filter>utils\imgui</Filter>
    </ClCompile>
    <ClCompile Include="utils\imgui\imgui_tables.cpp">
      <Filter>utils\imgui</Filter>
    </ClCompile>
    <ClCompile Include="utils\imgui\imgui_widgets.cpp">
      <Filter>utils\imgui</Filter>
    </ClCompile>
    <ClCompile Include="utils\texture_2d.cpp">
      <Filter>utils\rendering\textures</Filter>
    </ClCompile>
    <ClCompile Include="utils\texture_cubemap.cpp">
      <Filter>utils\rendering\textures</Filter>
    </ClCompile>
    <ClCompile Include="utils\framebuffer.cpp">
      <Filter>utils</Filter>
    </ClCompile>
    <ClCompile Include="core\gamelogic.cpp">
      <Filter>core</Filter>
    </ClCompile>
    <ClCompile Include="utils\simple_model_loader.cpp">
      <Filter>utils\rendering</Filter>
    </ClCompile>
    <ClCompile Include="utils\debug.cpp">
      <Filter>utils\general</Filter>
    </ClCompile>
    <ClCompile Include="utils\framebuffer.cpp">
      <Filter>utils\rendering</Filter>
    </ClCompile>
    <ClCompile Include="utils\helpers.cpp">
      <Filter>utils\general</Filter>
    </ClCompile>
    <ClCompile Include="utils\dataprovider.cpp">
      <Filter>utils\general</Filter>
    </ClCompile>
    <ClCompile Include="utils\benchmark.cpp">
      <Filter>utils\general</Filter>
    </ClCompile>
    <ClCompile Include="utils\cooldown.cpp">
      <Filter>utils\game</Filter>
    </ClCompile>
    <ClCompile Include="utils\collision_detection.cpp">
      <Filter>utils\game</Filter>
    </ClCompile>
  </ItemGroup>
  <ItemGroup>
    <ClInclude Include="utils\renderer.h">
      <Filter>core</Filter>
    </ClInclude>
    <ClInclude Include="core\application.h">
      <Filter>core</Filter>
    </ClInclude>
    <ClInclude Include="utils\camera.h">
      <Filter>camera</Filter>
    </ClInclude>
    <ClInclude Include="utils\camera_freefloat.h">
      <Filter>camera</Filter>
    </ClInclude>
    <ClInclude Include="utils\camera_isometric.h">
      <Filter>camera</Filter>
    </ClInclude>
    <ClInclude Include="utils\imgui\imconfig.h">
      <Filter>utils\imgui</Filter>
    </ClInclude>
    <ClInclude Include="utils\imgui\imgui.h">
      <Filter>utils\imgui</Filter>
    </ClInclude>
    <ClInclude Include="utils\imgui\imgui_impl_glfw.h">
      <Filter>utils\imgui</Filter>
    </ClInclude>
    <ClInclude Include="utils\imgui\imgui_impl_opengl3.h">
      <Filter>utils\imgui</Filter>
    </ClInclude>
    <ClInclude Include="utils\imgui\imgui_impl_opengl3_loader.h">
      <Filter>utils\imgui</Filter>
    </ClInclude>
    <ClInclude Include="utils\imgui\imgui_internal.h">
      <Filter>utils\imgui</Filter>
    </ClInclude>
    <ClInclude Include="utils\imgui\imstb_rectpack.h">
      <Filter>utils\imgui</Filter>
    </ClInclude>
    <ClInclude Include="utils\imgui\imstb_textedit.h">
      <Filter>utils\imgui</Filter>
    </ClInclude>
    <ClInclude Include="utils\imgui\imstb_truetype.h">
      <Filter>utils\imgui</Filter>
    </ClInclude>
    <ClInclude Include="utils\texture.h">
      <Filter>utils\rendering\textures</Filter>
    </ClInclude>
    <ClInclude Include="utils\texture_2d.h">
      <Filter>utils\rendering\textures</Filter>
    </ClInclude>
    <ClInclude Include="utils\texture_cubemap.h">
      <Filter>utils\rendering\textures</Filter>
    </ClInclude>
    <ClInclude Include="core\gamesettings.h">
      <Filter>core</Filter>
    </ClInclude>
    <ClInclude Include="core\gamelogic.h">
      <Filter>core</Filter>
    </ClInclude>
    <ClInclude Include="models\model_data.h">
      <Filter>utils\rendering</Filter>
    </ClInclude>
    <ClInclude Include="utils\shader.h">
      <Filter>utils\rendering</Filter>
    </ClInclude>
    <ClInclude Include="utils\simple_model_loader.h">
      <Filter>utils\rendering</Filter>
    </ClInclude>
    <ClInclude Include="utils\debug.h">
      <Filter>utils\general</Filter>
    </ClInclude>
    <ClInclude Include="utils\framebuffer.h">
      <Filter>utils\rendering</Filter>
    </ClInclude>
    <ClInclude Include="utils\helpers.h">
      <Filter>utils\general</Filter>
    </ClInclude>
    <ClInclude Include="utils\definitions.h">
      <Filter>utils\general</Filter>
    </ClInclude>
    <ClInclude Include="utils\dataprovider.h">
      <Filter>utils\general</Filter>
    </ClInclude>
    <ClInclude Include="utils\stb_image.h">
      <Filter>utils\general</Filter>
    </ClInclude>
    <ClInclude Include="utils\tiny_obj_loader.h">
      <Filter>utils\general</Filter>
    </ClInclude>
    <ClInclude Include="utils\benchmark.h">
      <Filter>utils\general</Filter>
    </ClInclude>
    <ClInclude Include="utils\cooldown.h">
      <Filter>utils\game</Filter>
    </ClInclude>
    <ClInclude Include="utils\collision_detection.h">
      <Filter>utils\game</Filter>
    </ClInclude>
  </ItemGroup>
  <ItemGroup>
    <None Include="shader\postprocessingFS.glsl">
      <Filter>shader\postprocessing</Filter>
    </None>
    <None Include="shader\postprocessingVS.glsl">
      <Filter>shader\postprocessing</Filter>
    </None>
    <None Include="shader\skyboxFS.glsl">
      <Filter>shader\skybox</Filter>
    </None>
    <None Include="shader\skyboxVS.glsl">
      <Filter>shader\skybox</Filter>
    </None>
    <None Include="shader\standardFS.glsl">
      <Filter>shader\standard</Filter>
    </None>
    <None Include="shader\standardGS.glsl">
      <Filter>shader\standard</Filter>
    </None>
    <None Include="shader\standardVS.glsl">
      <Filter>shader\standard</Filter>
    </None>
    <None Include="shader\testFS.glsl">
      <Filter>shader\test</Filter>
    </None>
    <None Include="shader\testGS.glsl">
      <Filter>shader\test</Filter>
    </None>
    <None Include="shader\testVS.glsl">
      <Filter>shader\test</Filter>
    </None>
    <None Include="shader\waterFS.glsl">
      <Filter>shader\water</Filter>
    </None>
    <None Include="shader\waterGS.glsl">
      <Filter>shader\water</Filter>
    </None>
    <None Include="shader\waterVS.glsl">
      <Filter>shader\water</Filter>
    </None>
    <None Include="shader\showNormalsVS.glsl">
      <Filter>shader\debug\showNormals</Filter>
    </None>
    <None Include="shader\showNormalsFS.glsl">
      <Filter>shader\debug\showNormals</Filter>
    </None>
    <None Include="shader\showNormalsGS.glsl">
      <Filter>shader\debug\showNormals</Filter>
    </None>
    <None Include="shader\showVerticesVS.glsl">
      <Filter>shader\debug\showVertices</Filter>
    </None>
    <None Include="shader\showVerticesFS.glsl">
      <Filter>shader\debug\showVertices</Filter>
    </None>
    <None Include="shader\showVerticesGS.glsl">
      <Filter>shader\debug\showVertices</Filter>
    </None>
    <None Include="shader\waterNormalsFS.glsl">
      <Filter>shader\debug\showNormals\waterNormals</Filter>
    </None>
    <None Include="shader\waterNormalsGS.glsl">
      <Filter>shader\debug\showNormals\waterNormals</Filter>
    </None>
    <None Include="shader\waterNormalsVS.glsl">
      <Filter>shader\debug\showNormals\waterNormals</Filter>
    </None>
    <None Include="shader\showCollidersFS.glsl">
      <Filter>shader\debug\showColliders</Filter>
    </None>
    <None Include="shader\showCollidersVS.glsl">
      <Filter>shader\debug\showColliders</Filter>
    </None>
  </ItemGroup>
  <ItemGroup>
    <Text Include="utils\aTodo.txt">
      <Filter>Quelldateien</Filter>
    </Text>
  </ItemGroup>
</Project>