
Microsoft Visual Studio Solution File, Format Version 12.00
# Visual Studio Version 17
VisualStudioVersion = 17.3.32929.385
MinimumVisualStudioVersion = 10.0.40219.1
Project("{8BC9CEB8-8B4A-11D0-8D11-00A0C91BC942}") = "ships_and_giggles", "ships_and_giggles.vcxproj", "{8D7D37EB-3AF3-4594-AB1C-A438F4556502}"
EndProject
Global
	GlobalSection(SolutionConfigurationPlatforms) = preSolution
		Debug|x64 = Debug|x64
		Debug|x86 = Debug|x86
		Release|x64 = Release|x64
		Release|x86 = Release|x86
	EndGlobalSection
	GlobalSection(ProjectConfigurationPlatforms) = postSolution
		{8D7D37EB-3AF3-4594-AB1C-A438F4556502}.Debug|x64.ActiveCfg = Debug|x64
		{8D7D37EB-3AF3-4594-AB1C-A438F4556502}.Debug|x64.Build.0 = Debug|x64
		{8D7D37EB-3AF3-4594-AB1C-A438F4556502}.Debug|x86.ActiveCfg = Debug|Win32
		{8D7D37EB-3AF3-4594-AB1C-A438F4556502}.Debug|x86.Build.0 = Debug|Win32
		{8D7D37EB-3AF3-4594-AB1C-A438F4556502}.Release|x64.ActiveCfg = Release|x64
		{8D7D37EB-3AF3-4594-AB1C-A438F4556502}.Release|x64.Build.0 = Release|x64
		{8D7D37EB-3AF3-4594-AB1C-A438F4556502}.Release|x86.ActiveCfg = Release|Win32
		{8D7D37EB-3AF3-4594-AB1C-A438F4556502}.Release|x86.Build.0 = Release|Win32
	EndGlobalSection
	GlobalSection(SolutionProperties) = preSolution
		HideSolutionNode = FALSE
	EndGlobalSection
	GlobalSection(ExtensibilityGlobals) = postSolution
		SolutionGuid = {47B1FFC4-0D53-404C-821C-C66410014BAB}
	EndGlobalSection
EndGlobal
